<Solution>
  <Folder Name="/src/">
    <Project Path="src/MovieAPI.Api/MovieAPI.Api.csproj" />
    <Project Path="src/MovieAPI.Application/MovieAPI.Application.csproj" />
    <Project Path="src/MovieAPI.Domain/MovieAPI.Domain.csproj" />
    <Project Path="src/MovieAPI.Infrastructure/MovieAPI.Infrastructure.csproj" />
  </Folder>
</Solution>
